
Microsoft Visual Studio Solution File, Format Version 12.00
# Visual Studio 15
VisualStudioVersion = 15.0.27130.2010
MinimumVisualStudioVersion = 10.0.40219.1
Project("{FAE04EC0-301F-11D3-BF4B-00C04F79EFBC}") = "FishTrialBWebserviceASW", "FishTrialBWebserviceASW\FishTrialBWebserviceASW.csproj", "{054FC5DB-DC2C-484E-89BB-47CE1550181D}"
EndProject
Project("{FAE04EC0-301F-11D3-BF4B-00C04F79EFBC}") = "FishTrialBWebserviceASWTests", "FishTrialBWebserviceASWTests\FishTrialBWebserviceASWTests.csproj", "{5B5356E7-6244-4C7D-BA7A-CE467CD081EB}"
EndProject
Global
	GlobalSection(SolutionConfigurationPlatforms) = preSolution
		Debug|Any CPU = Debug|Any CPU
		Release|Any CPU = Release|Any CPU
	EndGlobalSection
	GlobalSection(ProjectConfigurationPlatforms) = postSolution
		{054FC5DB-DC2C-484E-89BB-47CE1550181D}.Debug|Any CPU.ActiveCfg = Debug|Any CPU
		{054FC5DB-DC2C-484E-89BB-47CE1550181D}.Debug|Any CPU.Build.0 = Debug|Any CPU
		{054FC5DB-DC2C-484E-89BB-47CE1550181D}.Release|Any CPU.ActiveCfg = Release|Any CPU
		{054FC5DB-DC2C-484E-89BB-47CE1550181D}.Release|Any CPU.Build.0 = Release|Any CPU
		{5B5356E7-6244-4C7D-BA7A-CE467CD081EB}.Debug|Any CPU.ActiveCfg = Debug|Any CPU
		{5B5356E7-6244-4C7D-BA7A-CE467CD081EB}.Debug|Any CPU.Build.0 = Debug|Any CPU
		{5B5356E7-6244-4C7D-BA7A-CE467CD081EB}.Release|Any CPU.ActiveCfg = Release|Any CPU
		{5B5356E7-6244-4C7D-BA7A-CE467CD081EB}.Release|Any CPU.Build.0 = Release|Any CPU
	EndGlobalSection
	GlobalSection(SolutionProperties) = preSolution
		HideSolutionNode = FALSE
	EndGlobalSection
	GlobalSection(ExtensibilityGlobals) = postSolution
		SolutionGuid = {8BBAD86B-A88D-4CF8-9115-28185B675580}
	EndGlobalSection
EndGlobal
